
Microsoft Visual Studio Solution File, Format Version 12.00
# Visual Studio Version 17
VisualStudioVersion = 17.8.34525.116
MinimumVisualStudioVersion = 10.0.40219.1
Project("{2150E333-8FDC-42A3-9474-1A3956D46DE8}") = "src", "src", "{3C309619-1E3D-4245-B3EE-FB7C9D6228E1}"
EndProject
Project("{2150E333-8FDC-42A3-9474-1A3956D46DE8}") = "test", "test", "{DBD40F87-72B6-45B7-BC4D-0726FA7B0151}"
EndProject
Project("{2150E333-8FDC-42A3-9474-1A3956D46DE8}") = "Core", "Core", "{B0B8BBF6-C55B-4154-91EC-9B4FB101824C}"
EndProject
Project("{2150E333-8FDC-42A3-9474-1A3956D46DE8}") = "API", "API", "{1174B9AB-DC95-4161-86AC-6699E503FBE9}"
EndProject
Project("{2150E333-8FDC-42A3-9474-1A3956D46DE8}") = "UI", "UI", "{3A59CB10-D5A2-442E-93E9-E2D7D27F4311}"
EndProject
Project("{2150E333-8FDC-42A3-9474-1A3956D46DE8}") = "Infrastructure", "Infrastructure", "{60F3F4A7-B76D-47CD-B072-32C6F4D2A2A8}"
EndProject
Project("{9A19103F-16F7-4668-BE54-9A1E7A4F7556}") = "HRLeaveManagement.Domain", "HRLeaveManagement.Domain\HRLeaveManagement.Domain.csproj", "{2C881B9D-D5AA-4FD7-8747-D4EA64AFC271}"
EndProject
Project("{9A19103F-16F7-4668-BE54-9A1E7A4F7556}") = "HRLeaveManagement.Application", "HRLeaveManagement.Application\HRLeaveManagement.Application.csproj", "{7A06D9FB-01F3-4C82-96A1-E8570FE4675C}"
EndProject
Project("{9A19103F-16F7-4668-BE54-9A1E7A4F7556}") = "HRLeaveManagement.Presistence", "HRLeaveManagement.Presistence\HRLeaveManagement.Presistence.csproj", "{4BEBADD2-0382-4DAA-BD8C-60AEAB2CEDBD}"
EndProject
Project("{9A19103F-16F7-4668-BE54-9A1E7A4F7556}") = "HRLeaveManagement.Infrastructure", "HRLeaveManagement.Infrastructure\HRLeaveManagement.Infrastructure.csproj", "{8013C090-EC46-4C36-8E8C-7ADAA7C58649}"
EndProject
Project("{9A19103F-16F7-4668-BE54-9A1E7A4F7556}") = "HRLeaveManagement.API", "HRLeaveManagement.API\HRLeaveManagement.API.csproj", "{C4A23DAF-FB11-49F5-8843-F45FBBC34C8D}"
EndProject
Project("{9A19103F-16F7-4668-BE54-9A1E7A4F7556}") = "HRLeaveManagement.Application.UnitTests", "HRLeaveManagement.Application.UnitTests\HRLeaveManagement.Application.UnitTests.csproj", "{5647E972-B4A2-4FAD-9A3A-1BDC02034B25}"
EndProject
Project("{9A19103F-16F7-4668-BE54-9A1E7A4F7556}") = "HRLeaveManagement.Presistence.IntegrationTests", "HRLeaveManagement.Presistence.IntegrationTests\HRLeaveManagement.Presistence.IntegrationTests.csproj", "{2EDD09EF-715D-408B-A313-50D56EB0D080}"
EndProject
Project("{9A19103F-16F7-4668-BE54-9A1E7A4F7556}") = "HRLeaveManagement.BlazorUI", "HRLeaveManagement.BlazorUI\HRLeaveManagement.BlazorUI.csproj", "{AA3FB673-0577-4920-BD1F-0BF9292A2773}"
EndProject
Project("{9A19103F-16F7-4668-BE54-9A1E7A4F7556}") = "HRLeaveManagement.Identity", "HRLeaveManagement.Identity\HRLeaveManagement.Identity.csproj", "{247C26ED-B579-4954-8BDE-A0E37EEBA355}"
EndProject
Global
	GlobalSection(SolutionConfigurationPlatforms) = preSolution
		Debug|Any CPU = Debug|Any CPU
		Release|Any CPU = Release|Any CPU
	EndGlobalSection
	GlobalSection(ProjectConfigurationPlatforms) = postSolution
		{2C881B9D-D5AA-4FD7-8747-D4EA64AFC271}.Debug|Any CPU.ActiveCfg = Debug|Any CPU
		{2C881B9D-D5AA-4FD7-8747-D4EA64AFC271}.Debug|Any CPU.Build.0 = Debug|Any CPU
		{2C881B9D-D5AA-4FD7-8747-D4EA64AFC271}.Release|Any CPU.ActiveCfg = Release|Any CPU
		{2C881B9D-D5AA-4FD7-8747-D4EA64AFC271}.Release|Any CPU.Build.0 = Release|Any CPU
		{7A06D9FB-01F3-4C82-96A1-E8570FE4675C}.Debug|Any CPU.ActiveCfg = Debug|Any CPU
		{7A06D9FB-01F3-4C82-96A1-E8570FE4675C}.Debug|Any CPU.Build.0 = Debug|Any CPU
		{7A06D9FB-01F3-4C82-96A1-E8570FE4675C}.Release|Any CPU.ActiveCfg = Release|Any CPU
		{7A06D9FB-01F3-4C82-96A1-E8570FE4675C}.Release|Any CPU.Build.0 = Release|Any CPU
		{4BEBADD2-0382-4DAA-BD8C-60AEAB2CEDBD}.Debug|Any CPU.ActiveCfg = Debug|Any CPU
		{4BEBADD2-0382-4DAA-BD8C-60AEAB2CEDBD}.Debug|Any CPU.Build.0 = Debug|Any CPU
		{4BEBADD2-0382-4DAA-BD8C-60AEAB2CEDBD}.Release|Any CPU.ActiveCfg = Release|Any CPU
		{4BEBADD2-0382-4DAA-BD8C-60AEAB2CEDBD}.Release|Any CPU.Build.0 = Release|Any CPU
		{8013C090-EC46-4C36-8E8C-7ADAA7C58649}.Debug|Any CPU.ActiveCfg = Debug|Any CPU
		{8013C090-EC46-4C36-8E8C-7ADAA7C58649}.Debug|Any CPU.Build.0 = Debug|Any CPU
		{8013C090-EC46-4C36-8E8C-7ADAA7C58649}.Release|Any CPU.ActiveCfg = Release|Any CPU
		{8013C090-EC46-4C36-8E8C-7ADAA7C58649}.Release|Any CPU.Build.0 = Release|Any CPU
		{C4A23DAF-FB11-49F5-8843-F45FBBC34C8D}.Debug|Any CPU.ActiveCfg = Debug|Any CPU
		{C4A23DAF-FB11-49F5-8843-F45FBBC34C8D}.Debug|Any CPU.Build.0 = Debug|Any CPU
		{C4A23DAF-FB11-49F5-8843-F45FBBC34C8D}.Release|Any CPU.ActiveCfg = Release|Any CPU
		{C4A23DAF-FB11-49F5-8843-F45FBBC34C8D}.Release|Any CPU.Build.0 = Release|Any CPU
		{5647E972-B4A2-4FAD-9A3A-1BDC02034B25}.Debug|Any CPU.ActiveCfg = Debug|Any CPU
		{5647E972-B4A2-4FAD-9A3A-1BDC02034B25}.Debug|Any CPU.Build.0 = Debug|Any CPU
		{5647E972-B4A2-4FAD-9A3A-1BDC02034B25}.Release|Any CPU.ActiveCfg = Release|Any CPU
		{5647E972-B4A2-4FAD-9A3A-1BDC02034B25}.Release|Any CPU.Build.0 = Release|Any CPU
		{2EDD09EF-715D-408B-A313-50D56EB0D080}.Debug|Any CPU.ActiveCfg = Debug|Any CPU
		{2EDD09EF-715D-408B-A313-50D56EB0D080}.Debug|Any CPU.Build.0 = Debug|Any CPU
		{2EDD09EF-715D-408B-A313-50D56EB0D080}.Release|Any CPU.ActiveCfg = Release|Any CPU
		{2EDD09EF-715D-408B-A313-50D56EB0D080}.Release|Any CPU.Build.0 = Release|Any CPU
		{AA3FB673-0577-4920-BD1F-0BF9292A2773}.Debug|Any CPU.ActiveCfg = Debug|Any CPU
		{AA3FB673-0577-4920-BD1F-0BF9292A2773}.Debug|Any CPU.Build.0 = Debug|Any CPU
		{AA3FB673-0577-4920-BD1F-0BF9292A2773}.Release|Any CPU.ActiveCfg = Release|Any CPU
		{AA3FB673-0577-4920-BD1F-0BF9292A2773}.Release|Any CPU.Build.0 = Release|Any CPU
		{247C26ED-B579-4954-8BDE-A0E37EEBA355}.Debug|Any CPU.ActiveCfg = Debug|Any CPU
		{247C26ED-B579-4954-8BDE-A0E37EEBA355}.Debug|Any CPU.Build.0 = Debug|Any CPU
		{247C26ED-B579-4954-8BDE-A0E37EEBA355}.Release|Any CPU.ActiveCfg = Release|Any CPU
		{247C26ED-B579-4954-8BDE-A0E37EEBA355}.Release|Any CPU.Build.0 = Release|Any CPU
	EndGlobalSection
	GlobalSection(SolutionProperties) = preSolution
		HideSolutionNode = FALSE
	EndGlobalSection
	GlobalSection(NestedProjects) = preSolution
		{B0B8BBF6-C55B-4154-91EC-9B4FB101824C} = {3C309619-1E3D-4245-B3EE-FB7C9D6228E1}
		{1174B9AB-DC95-4161-86AC-6699E503FBE9} = {3C309619-1E3D-4245-B3EE-FB7C9D6228E1}
		{3A59CB10-D5A2-442E-93E9-E2D7D27F4311} = {3C309619-1E3D-4245-B3EE-FB7C9D6228E1}
		{60F3F4A7-B76D-47CD-B072-32C6F4D2A2A8} = {3C309619-1E3D-4245-B3EE-FB7C9D6228E1}
		{2C881B9D-D5AA-4FD7-8747-D4EA64AFC271} = {B0B8BBF6-C55B-4154-91EC-9B4FB101824C}
		{7A06D9FB-01F3-4C82-96A1-E8570FE4675C} = {B0B8BBF6-C55B-4154-91EC-9B4FB101824C}
		{4BEBADD2-0382-4DAA-BD8C-60AEAB2CEDBD} = {60F3F4A7-B76D-47CD-B072-32C6F4D2A2A8}
		{8013C090-EC46-4C36-8E8C-7ADAA7C58649} = {60F3F4A7-B76D-47CD-B072-32C6F4D2A2A8}
		{C4A23DAF-FB11-49F5-8843-F45FBBC34C8D} = {1174B9AB-DC95-4161-86AC-6699E503FBE9}
		{5647E972-B4A2-4FAD-9A3A-1BDC02034B25} = {DBD40F87-72B6-45B7-BC4D-0726FA7B0151}
		{2EDD09EF-715D-408B-A313-50D56EB0D080} = {DBD40F87-72B6-45B7-BC4D-0726FA7B0151}
		{AA3FB673-0577-4920-BD1F-0BF9292A2773} = {3A59CB10-D5A2-442E-93E9-E2D7D27F4311}
		{247C26ED-B579-4954-8BDE-A0E37EEBA355} = {60F3F4A7-B76D-47CD-B072-32C6F4D2A2A8}
	EndGlobalSection
	GlobalSection(ExtensibilityGlobals) = postSolution
		SolutionGuid = {3B6837C8-4FF7-4536-B629-87D26F7BACAD}
	EndGlobalSection
EndGlobal
